
Microsoft Visual Studio Solution File, Format Version 12.00
# Visual Studio Version 17
VisualStudioVersion = 17.14.36804.6 d17.14
MinimumVisualStudioVersion = 10.0.40219.1
Project("{FAE04EC0-301F-11D3-BF4B-00C04F79EFBC}") = "telemetry_ingestion", "telemetry_ingestion.csproj", "{6E9FA703-68AD-4D4D-B4FE-04DBD40ABBFE}"
EndProject
Global
	GlobalSection(SolutionConfigurationPlatforms) = preSolution
		Debug|Any CPU = Debug|Any CPU
		Release|Any CPU = Release|Any CPU
	EndGlobalSection
	GlobalSection(ProjectConfigurationPlatforms) = postSolution
		{6E9FA703-68AD-4D4D-B4FE-04DBD40ABBFE}.Debug|Any CPU.ActiveCfg = Debug|Any CPU
		{6E9FA703-68AD-4D4D-B4FE-04DBD40ABBFE}.Debug|Any CPU.Build.0 = Debug|Any CPU
		{6E9FA703-68AD-4D4D-B4FE-04DBD40ABBFE}.Release|Any CPU.ActiveCfg = Release|Any CPU
		{6E9FA703-68AD-4D4D-B4FE-04DBD40ABBFE}.Release|Any CPU.Build.0 = Release|Any CPU
	EndGlobalSection
	GlobalSection(SolutionProperties) = preSolution
		HideSolutionNode = FALSE
	EndGlobalSection
	GlobalSection(ExtensibilityGlobals) = postSolution
		SolutionGuid = {93562A97-FB38-4476-A07F-AF1B9BCD0B94}
	EndGlobalSection
EndGlobal
